
Microsoft Visual Studio Solution File, Format Version 12.00
# Visual Studio 2012
Project("{FAE04EC0-301F-11D3-BF4B-00C04F79EFBC}") = "Constraints", "Constraints\Constraints.csproj", "{81BA9653-2B5F-47F1-8552-E4E88B8F1D66}"
EndProject
Global
	GlobalSection(SolutionConfigurationPlatforms) = preSolution
		Debug|iPhoneSimulator = Debug|iPhoneSimulator
		Release|iPhone = Release|iPhone
		Release|iPhoneSimulator = Release|iPhoneSimulator
		Debug|iPhone = Debug|iPhone
	EndGlobalSection
	GlobalSection(ProjectConfigurationPlatforms) = postSolution
		{81BA9653-2B5F-47F1-8552-E4E88B8F1D66}.Debug|iPhone.ActiveCfg = Debug|iPhone
		{81BA9653-2B5F-47F1-8552-E4E88B8F1D66}.Debug|iPhone.Build.0 = Debug|iPhone
		{81BA9653-2B5F-47F1-8552-E4E88B8F1D66}.Debug|iPhoneSimulator.ActiveCfg = Debug|iPhoneSimulator
		{81BA9653-2B5F-47F1-8552-E4E88B8F1D66}.Debug|iPhoneSimulator.Build.0 = Debug|iPhoneSimulator
		{81BA9653-2B5F-47F1-8552-E4E88B8F1D66}.Release|iPhone.ActiveCfg = Release|iPhone
		{81BA9653-2B5F-47F1-8552-E4E88B8F1D66}.Release|iPhone.Build.0 = Release|iPhone
		{81BA9653-2B5F-47F1-8552-E4E88B8F1D66}.Release|iPhoneSimulator.ActiveCfg = Release|iPhoneSimulator
		{81BA9653-2B5F-47F1-8552-E4E88B8F1D66}.Release|iPhoneSimulator.Build.0 = Release|iPhoneSimulator
	EndGlobalSection
EndGlobal
